
Microsoft Visual Studio Solution File, Format Version 12.00
# Visual Studio 15
Project("{FAE04EC0-301F-11D3-BF4B-00C04F79EFBC}") = "Assembly-CSharp", "Assembly-CSharp.csproj", "{3CE5F14F-4267-D00B-4928-A34AE2EC6531}"
EndProject
Project("{FAE04EC0-301F-11D3-BF4B-00C04F79EFBC}") = "Assembly-CSharp-Editor", "Assembly-CSharp-Editor.csproj", "{D7810752-AB4D-FBE8-F441-AD2E4A1C22FC}"
EndProject
Global
	GlobalSection(SolutionConfigurationPlatforms) = preSolution
		Debug|Any CPU = Debug|Any CPU
		Release|Any CPU = Release|Any CPU
	EndGlobalSection
	GlobalSection(ProjectConfigurationPlatforms) = postSolution
		{3CE5F14F-4267-D00B-4928-A34AE2EC6531}.Debug|Any CPU.ActiveCfg = Debug|Any CPU
		{3CE5F14F-4267-D00B-4928-A34AE2EC6531}.Debug|Any CPU.Build.0 = Debug|Any CPU
		{3CE5F14F-4267-D00B-4928-A34AE2EC6531}.Release|Any CPU.ActiveCfg = Release|Any CPU
		{3CE5F14F-4267-D00B-4928-A34AE2EC6531}.Release|Any CPU.Build.0 = Release|Any CPU
		{D7810752-AB4D-FBE8-F441-AD2E4A1C22FC}.Debug|Any CPU.ActiveCfg = Debug|Any CPU
		{D7810752-AB4D-FBE8-F441-AD2E4A1C22FC}.Debug|Any CPU.Build.0 = Debug|Any CPU
		{D7810752-AB4D-FBE8-F441-AD2E4A1C22FC}.Release|Any CPU.ActiveCfg = Release|Any CPU
		{D7810752-AB4D-FBE8-F441-AD2E4A1C22FC}.Release|Any CPU.Build.0 = Release|Any CPU
	EndGlobalSection
	GlobalSection(SolutionProperties) = preSolution
		HideSolutionNode = FALSE
	EndGlobalSection
EndGlobal
